// !$*UTF8*$!
{
	archiveVersion = 1;
	classes = {
	};
	objectVersion = 46;
	objects = {

/* Begin PBXBuildFile section */
		25091E4D1EDFAFFA0013DF81 /* google.png in Resources */ = {isa = PBXBuildFile; fileRef = 25091E4C1EDFAFFA0013DF81 /* google.png */; };
		253A25DC1EDE942100E2F95F /* Constants.swift in Sources */ = {isa = PBXBuildFile; fileRef = 253A25DB1EDE942100E2F95F /* Constants.swift */; };
		25FB5DE31EDE51ED00740B2B /* AppDelegate.swift in Sources */ = {isa = PBXBuildFile; fileRef = 25FB5DE21EDE51ED00740B2B /* AppDelegate.swift */; };
		25FB5DE81EDE51ED00740B2B /* Main.storyboard in Resources */ = {isa = PBXBuildFile; fileRef = 25FB5DE61EDE51ED00740B2B /* Main.storyboard */; };
		25FB5DEA1EDE51ED00740B2B /* Assets.xcassets in Resources */ = {isa = PBXBuildFile; fileRef = 25FB5DE91EDE51ED00740B2B /* Assets.xcassets */; };
		25FB5DED1EDE51ED00740B2B /* LaunchScreen.storyboard in Resources */ = {isa = PBXBuildFile; fileRef = 25FB5DEB1EDE51ED00740B2B /* LaunchScreen.storyboard */; };
		25FB5DF51EDE522E00740B2B /* LoginViewController.swift in Sources */ = {isa = PBXBuildFile; fileRef = 25FB5DF41EDE522E00740B2B /* LoginViewController.swift */; };
		25FB5DF71EDE523A00740B2B /* MainViewController.swift in Sources */ = {isa = PBXBuildFile; fileRef = 25FB5DF61EDE523A00740B2B /* MainViewController.swift */; };
		25FB5DF91EDE525200740B2B /* SignUpViewController.swift in Sources */ = {isa = PBXBuildFile; fileRef = 25FB5DF81EDE525200740B2B /* SignUpViewController.swift */; };
/* End PBXBuildFile section */

/* Begin PBXFileReference section */
		25091E4C1EDFAFFA0013DF81 /* google.png */ = {isa = PBXFileReference; lastKnownFileType = image.png; path = google.png; sourceTree = "<group>"; };
		253A25DB1EDE942100E2F95F /* Constants.swift */ = {isa = PBXFileReference; fileEncoding = 4; lastKnownFileType = sourcecode.swift; path = Constants.swift; sourceTree = "<group>"; };
		25FB5DDF1EDE51ED00740B2B /* mmmainP.app */ = {isa = PBXFileReference; explicitFileType = wrapper.application; includeInIndex = 0; path = mmmainP.app; sourceTree = BUILT_PRODUCTS_DIR; };
		25FB5DE21EDE51ED00740B2B /* AppDelegate.swift */ = {isa = PBXFileReference; lastKnownFileType = sourcecode.swift; path = AppDelegate.swift; sourceTree = "<group>"; };
		25FB5DE71EDE51ED00740B2B /* Base */ = {isa = PBXFileReference; lastKnownFileType = file.storyboard; name = Base; path = Base.lproj/Main.storyboard; sourceTree = "<group>"; };
		25FB5DE91EDE51ED00740B2B /* Assets.xcassets */ = {isa = PBXFileReference; lastKnownFileType = folder.assetcatalog; path = Assets.xcassets; sourceTree = "<group>"; };
		25FB5DEC1EDE51ED00740B2B /* Base */ = {isa = PBXFileReference; lastKnownFileType = file.storyboard; name = Base; path = Base.lproj/LaunchScreen.storyboard; sourceTree = "<group>"; };
		25FB5DEE1EDE51ED00740B2B /* Info.plist */ = {isa = PBXFileReference; lastKnownFileType = text.plist.xml; path = Info.plist; sourceTree = "<group>"; };
		25FB5DF41EDE522E00740B2B /* LoginViewController.swift */ = {isa = PBXFileReference; fileEncoding = 4; lastKnownFileType = sourcecode.swift; path = LoginViewController.swift; sourceTree = "<group>"; };
		25FB5DF61EDE523A00740B2B /* MainViewController.swift */ = {isa = PBXFileReference; fileEncoding = 4; lastKnownFileType = sourcecode.swift; path = MainViewController.swift; sourceTree = "<group>"; };
		25FB5DF81EDE525200740B2B /* SignUpViewController.swift */ = {isa = PBXFileReference; fileEncoding = 4; lastKnownFileType = sourcecode.swift; path = SignUpViewController.swift; sourceTree = "<group>"; };
/* End PBXFileReference section */

/* Begin PBXFrameworksBuildPhase section */
		25FB5DDC1EDE51ED00740B2B /* Frameworks */ = {
			isa = PBXFrameworksBuildPhase;
			buildActionMask = 2147483647;
			files = (
			);
			runOnlyForDeploymentPostprocessing = 0;
		};
/* End PBXFrameworksBuildPhase section */

/* Begin PBXGroup section */
		25FB5DD61EDE51ED00740B2B = {
			isa = PBXGroup;
			children = (
				25FB5DE11EDE51ED00740B2B /* mmmainP */,
				25FB5DE01EDE51ED00740B2B /* Products */,
			);
			sourceTree = "<group>";
		};
		25FB5DE01EDE51ED00740B2B /* Products */ = {
			isa = PBXGroup;
			children = (
				25FB5DDF1EDE51ED00740B2B /* mmmainP.app */,
			);
			name = Products;
			sourceTree = "<group>";
		};
		25FB5DE11EDE51ED00740B2B /* mmmainP */ = {
			isa = PBXGroup;
			children = (
				25FB5DE61EDE51ED00740B2B /* Main.storyboard */,
				253A25DB1EDE942100E2F95F /* Constants.swift */,
				25FB5DF61EDE523A00740B2B /* MainViewController.swift */,
				25FB5DF81EDE525200740B2B /* SignUpViewController.swift */,
				25FB5DF41EDE522E00740B2B /* LoginViewController.swift */,
				25FB5DE21EDE51ED00740B2B /* AppDelegate.swift */,
				25FB5DE91EDE51ED00740B2B /* Assets.xcassets */,
				25FB5DEB1EDE51ED00740B2B /* LaunchScreen.storyboard */,
				25FB5DEE1EDE51ED00740B2B /* Info.plist */,
				25091E4C1EDFAFFA0013DF81 /* google.png */,
			);
			path = mmmainP;
			sourceTree = "<group>";
		};
/* End PBXGroup section */

/* Begin PBXNativeTarget section */
		25FB5DDE1EDE51ED00740B2B /* mmmainP */ = {
			isa = PBXNativeTarget;
			buildConfigurationList = 25FB5DF11EDE51ED00740B2B /* Build configuration list for PBXNativeTarget "mmmainP" */;
			buildPhases = (
				25FB5DDB1EDE51ED00740B2B /* Sources */,
				25FB5DDC1EDE51ED00740B2B /* Frameworks */,
				25FB5DDD1EDE51ED00740B2B /* Resources */,
			);
			buildRules = (
			);
			dependencies = (
			);
			name = mmmainP;
			productName = mmmainP;
			productReference = 25FB5DDF1EDE51ED00740B2B /* mmmainP.app */;
			productType = "com.apple.product-type.application";
		};
/* End PBXNativeTarget section */

/* Begin PBXProject section */
		25FB5DD71EDE51ED00740B2B /* Project object */ = {
			isa = PBXProject;
			attributes = {
				LastSwiftUpdateCheck = 0830;
				LastUpgradeCheck = 0830;
				ORGANIZATIONNAME = jaeseong;
				TargetAttributes = {
					25FB5DDE1EDE51ED00740B2B = {
						CreatedOnToolsVersion = 8.3.2;
						DevelopmentTeam = FNEH2787UY;
						ProvisioningStyle = Automatic;
					};
				};
			};
			buildConfigurationList = 25FB5DDA1EDE51ED00740B2B /* Build configuration list for PBXProject "mmmainP" */;
			compatibilityVersion = "Xcode 3.2";
			developmentRegion = English;
			hasScannedForEncodings = 0;
			knownRegions = (
				en,
				Base,
			);
			mainGroup = 25FB5DD61EDE51ED00740B2B;
			productRefGroup = 25FB5DE01EDE51ED00740B2B /* Products */;
			projectDirPath = "";
			projectRoot = "";
			targets = (
				25FB5DDE1EDE51ED00740B2B /* mmmainP */,
			);
		};
/* End PBXProject section */

/* Begin PBXResourcesBuildPhase section */
		25FB5DDD1EDE51ED00740B2B /* Resources */ = {
			isa = PBXResourcesBuildPhase;
			buildActionMask = 2147483647;
			files = (
				25FB5DED1EDE51ED00740B2B /* LaunchScreen.storyboard in Resources */,
				25FB5DEA1EDE51ED00740B2B /* Assets.xcassets in Resources */,
				25091E4D1EDFAFFA0013DF81 /* google.png in Resources */,
				25FB5DE81EDE51ED00740B2B /* Main.storyboard in Resources */,
			);
			runOnlyForDeploymentPostprocessing = 0;
		};
/* End PBXResourcesBuildPhase section */

/* Begin PBXSourcesBuildPhase section */
		25FB5DDB1EDE51ED00740B2B /* Sources */ = {
			isa = PBXSourcesBuildPhase;
			buildActionMask = 2147483647;
			files = (
				253A25DC1EDE942100E2F95F /* Constants.swift in Sources */,
				25FB5DF71EDE523A00740B2B /* MainViewController.swift in Sources */,
				25FB5DF91EDE525200740B2B /* SignUpViewController.swift in Sources */,
				25FB5DF51EDE522E00740B2B /* LoginViewController.swift in Sources */,
				25FB5DE31EDE51ED00740B2B /* AppDelegate.swift in Sources */,
			);
			runOnlyForDeploymentPostprocessing = 0;
		};
/* End PBXSourcesBuildPhase section */

/* Begin PBXVariantGroup section */
		25FB5DE61EDE51ED00740B2B /* Main.storyboard */ = {
			isa = PBXVariantGroup;
			children = (
				25FB5DE71EDE51ED00740B2B /* Base */,
			);
			name = Main.storyboard;
			sourceTree = "<group>";
		};
		25FB5DEB1EDE51ED00740B2B /* LaunchScreen.storyboard */ = {
			isa = PBXVariantGroup;
			children = (
				25FB5DEC1EDE51ED00740B2B /* Base */,
			);
			name = LaunchScreen.storyboard;
			sourceTree = "<group>";
		};
/* End PBXVariantGroup section */

/* Begin XCBuildConfiguration section */
		25FB5DEF1EDE51ED00740B2B /* Debug */ = {
			isa = XCBuildConfiguration;
			buildSettings = {
				ALWAYS_SEARCH_USER_PATHS = NO;
				CLANG_ANALYZER_NONNULL = YES;
				CLANG_ANALYZER_NUMBER_OBJECT_CONVERSION = YES_AGGRESSIVE;
				CLANG_CXX_LANGUAGE_STANDARD = "gnu++0x";
				CLANG_CXX_LIBRARY = "libc++";
				CLANG_ENABLE_MODULES = YES;
				CLANG_ENABLE_OBJC_ARC = YES;
				CLANG_WARN_BOOL_CONVERSION = YES;
				CLANG_WARN_CONSTANT_CONVERSION = YES;
				CLANG_WARN_DIRECT_OBJC_ISA_USAGE = YES_ERROR;
				CLANG_WARN_DOCUMENTATION_COMMENTS = YES;
				CLANG_WARN_EMPTY_BODY = YES;
				CLANG_WARN_ENUM_CONVERSION = YES;
				CLANG_WARN_INFINITE_RECURSION = YES;
				CLANG_WARN_INT_CONVERSION = YES;
				CLANG_WARN_OBJC_ROOT_CLASS = YES_ERROR;
				CLANG_WARN_SUSPICIOUS_MOVE = YES;
				CLANG_WARN_UNREACHABLE_CODE = YES;
				CLANG_WARN__DUPLICATE_METHOD_MATCH = YES;
				"CODE_SIGN_IDENTITY[sdk=iphoneos*]" = "iPhone Developer";
				COPY_PHASE_STRIP = NO;
				DEBUG_INFORMATION_FORMAT = dwarf;
				ENABLE_STRICT_OBJC_MSGSEND = YES;
				ENABLE_TESTABILITY = YES;
				GCC_C_LANGUAGE_STANDARD = gnu99;
				GCC_DYNAMIC_NO_PIC = NO;
				GCC_NO_COMMON_BLOCKS = YES;
				GCC_OPTIMIZATION_LEVEL = 0;
				GCC_PREPROCESSOR_DEFINITIONS = (
					"DEBUG=1",
					"$(inherited)",
				);
				GCC_WARN_64_TO_32_BIT_CONVERSION = YES;
				GCC_WARN_ABOUT_RETURN_TYPE = YES_ERROR;
				GCC_WARN_UNDECLARED_SELECTOR = YES;
				GCC_WARN_UNINITIALIZED_AUTOS = YES_AGGRESSIVE;
				GCC_WARN_UNUSED_FUNCTION = YES;
				GCC_WARN_UNUSED_VARIABLE = YES;
				IPHONEOS_DEPLOYMENT_TARGET = 10.3;
				MTL_ENABLE_DEBUG_INFO = YES;
				ONLY_ACTIVE_ARCH = YES;
				SDKROOT = iphoneos;
				SWIFT_ACTIVE_COMPILATION_CONDITIONS = DEBUG;
				SWIFT_OPTIMIZATION_LEVEL = "-Onone";
			};
			name = Debug;
		};
		25FB5DF01EDE51ED00740B2B /* Release */ = {
			isa = XCBuildConfiguration;
			buildSettings = {
				ALWAYS_SEARCH_USER_PATHS = NO;
				CLANG_ANALYZER_NONNULL = YES;
				CLANG_ANALYZER_NUMBER_OBJECT_CONVERSION = YES_AGGRESSIVE;
				CLANG_CXX_LANGUAGE_STANDARD = "gnu++0x";
				CLANG_CXX_LIBRARY = "libc++";
				CLANG_ENABLE_MODULES = YES;
				CLANG_ENABLE_OBJC_ARC = YES;
				CLANG_WARN_BOOL_CONVERSION = YES;
				CLANG_WARN_CONSTANT_CONVERSION = YES;
				CLANG_WARN_DIRECT_OBJC_ISA_USAGE = YES_ERROR;
				CLANG_WARN_DOCUMENTATION_COMMENTS = YES;
				CLANG_WARN_EMPTY_BODY = YES;
				CLANG_WARN_ENUM_CONVERSION = YES;
				CLANG_WARN_INFINITE_RECURSION = YES;
				CLANG_WARN_INT_CONVERSION = YES;
				CLANG_WARN_OBJC_ROOT_CLASS = YES_ERROR;
				CLANG_WARN_SUSPICIOUS_MOVE = YES;
				CLANG_WARN_UNREACHABLE_CODE = YES;
				CLANG_WARN__DUPLICATE_METHOD_MATCH = YES;
				"CODE_SIGN_IDENTITY[sdk=iphoneos*]" = "iPhone Developer";
				COPY_PHASE_STRIP = NO;
				DEBUG_INFORMATION_FORMAT = "dwarf-with-dsym";
				ENABLE_NS_ASSERTIONS = NO;
				ENABLE_STRICT_OBJC_MSGSEND = YES;
				GCC_C_LANGUAGE_STANDARD = gnu99;
				GCC_NO_COMMON_BLOCKS = YES;
				GCC_WARN_64_TO_32_BIT_CONVERSION = YES;
				GCC_WARN_ABOUT_RETURN_TYPE = YES_ERROR;
				GCC_WARN_UNDECLARED_SELECTOR = YES;
				GCC_WARN_UNINITIALIZED_AUTOS = YES_AGGRESSIVE;
				GCC_WARN_UNUSED_FUNCTION = YES;
				GCC_WARN_UNUSED_VARIABLE = YES;
				IPHONEOS_DEPLOYMENT_TARGET = 10.3;
				MTL_ENABLE_DEBUG_INFO = NO;
				SDKROOT = iphoneos;
				SWIFT_OPTIMIZATION_LEVEL = "-Owholemodule";
				VALIDATE_PRODUCT = YES;
			};
			name = Release;
		};
		25FB5DF21EDE51ED00740B2B /* Debug */ = {
			isa = XCBuildConfiguration;
			buildSettings = {
				ASSETCATALOG_COMPILER_APPICON_NAME = AppIcon;
				DEVELOPMENT_TEAM = FNEH2787UY;
				INFOPLIST_FILE = mmmainP/Info.plist;
				LD_RUNPATH_SEARCH_PATHS = "$(inherited) @executable_path/Frameworks";
				PRODUCT_BUNDLE_IDENTIFIER = jslee.mmmainP;
				PRODUCT_NAME = "$(TARGET_NAME)";
				SWIFT_VERSION = 3.0;
			};
			name = Debug;
		};
		25FB5DF31EDE51ED00740B2B /* Release */ = {
			isa = XCBuildConfiguration;
			buildSettings = {
				ASSETCATALOG_COMPILER_APPICON_NAME = AppIcon;
				DEVELOPMENT_TEAM = FNEH2787UY;
				INFOPLIST_FILE = mmmainP/Info.plist;
				LD_RUNPATH_SEARCH_PATHS = "$(inherited) @executable_path/Frameworks";
				PRODUCT_BUNDLE_IDENTIFIER = jslee.mmmainP;
				PRODUCT_NAME = "$(TARGET_NAME)";
				SWIFT_VERSION = 3.0;
			};
			name = Release;
		};
/* End XCBuildConfiguration section */

/* Begin XCConfigurationList section */
		25FB5DDA1EDE51ED00740B2B /* Build configuration list for PBXProject "mmmainP" */ = {
			isa = XCConfigurationList;
			buildConfigurations = (
				25FB5DEF1EDE51ED00740B2B /* Debug */,
				25FB5DF01EDE51ED00740B2B /* Release */,
			);
			defaultConfigurationIsVisible = 0;
			defaultConfigurationName = Release;
		};
		25FB5DF11EDE51ED00740B2B /* Build configuration list for PBXNativeTarget "mmmainP" */ = {
			isa = XCConfigurationList;
			buildConfigurations = (
				25FB5DF21EDE51ED00740B2B /* Debug */,
				25FB5DF31EDE51ED00740B2B /* Release */,
			);
			defaultConfigurationIsVisible = 0;
			defaultConfigurationName = Release;
		};
/* End XCConfigurationList section */
	};
	rootObject = 25FB5DD71EDE51ED00740B2B /* Project object */;
}
